
Microsoft Visual Studio Solution File, Format Version 12.00
# Visual Studio Version 17
VisualStudioVersion = 17.14.36930.0 d17.14
MinimumVisualStudioVersion = 10.0.40219.1
Project("{FAE04EC0-301F-11D3-BF4B-00C04F79EFBC}") = "Car_Workshop_System", "Car_Workshop_System\Car_Workshop_System.csproj", "{301B41B2-417A-45C7-AD4A-7C585ABDAE58}"
EndProject
Global
	GlobalSection(SolutionConfigurationPlatforms) = preSolution
		Debug|Any CPU = Debug|Any CPU
		Release|Any CPU = Release|Any CPU
	EndGlobalSection
	GlobalSection(ProjectConfigurationPlatforms) = postSolution
		{301B41B2-417A-45C7-AD4A-7C585ABDAE58}.Debug|Any CPU.ActiveCfg = Debug|Any CPU
		{301B41B2-417A-45C7-AD4A-7C585ABDAE58}.Debug|Any CPU.Build.0 = Debug|Any CPU
		{301B41B2-417A-45C7-AD4A-7C585ABDAE58}.Release|Any CPU.ActiveCfg = Release|Any CPU
		{301B41B2-417A-45C7-AD4A-7C585ABDAE58}.Release|Any CPU.Build.0 = Release|Any CPU
	EndGlobalSection
	GlobalSection(SolutionProperties) = preSolution
		HideSolutionNode = FALSE
	EndGlobalSection
	GlobalSection(ExtensibilityGlobals) = postSolution
		SolutionGuid = {7C63872A-B74A-4243-BC29-C5ECB559F3E0}
	EndGlobalSection
EndGlobal
